
Microsoft Visual Studio Solution File, Format Version 12.00
# Visual Studio Version 16
VisualStudioVersion = 16.0.31729.503
MinimumVisualStudioVersion = 10.0.40219.1
Project("{FAE04EC0-301F-11D3-BF4B-00C04F79EFBC}") = "HospitalManagement", "HospitalManagement\HospitalManagement.csproj", "{262035CA-716C-47CD-AC0F-77FF6B6718EE}"
EndProject
Global
	GlobalSection(SolutionConfigurationPlatforms) = preSolution
		Debug|Any CPU = Debug|Any CPU
		Release|Any CPU = Release|Any CPU
	EndGlobalSection
	GlobalSection(ProjectConfigurationPlatforms) = postSolution
		{262035CA-716C-47CD-AC0F-77FF6B6718EE}.Debug|Any CPU.ActiveCfg = Debug|Any CPU
		{262035CA-716C-47CD-AC0F-77FF6B6718EE}.Debug|Any CPU.Build.0 = Debug|Any CPU
		{262035CA-716C-47CD-AC0F-77FF6B6718EE}.Release|Any CPU.ActiveCfg = Release|Any CPU
		{262035CA-716C-47CD-AC0F-77FF6B6718EE}.Release|Any CPU.Build.0 = Release|Any CPU
	EndGlobalSection
	GlobalSection(SolutionProperties) = preSolution
		HideSolutionNode = FALSE
	EndGlobalSection
	GlobalSection(ExtensibilityGlobals) = postSolution
		SolutionGuid = {473906D5-9B7D-498B-8342-077EB865140F}
	EndGlobalSection
EndGlobal
